// !$*UTF8*$!
{
	archiveVersion = 1;
	classes = {
	};
	objectVersion = 55;
	objects = {

/* Begin PBXBuildFile section */
		D53C320127708D0A00273D99 /* AppDelegate.swift in Sources */ = {isa = PBXBuildFile; fileRef = D53C320027708D0A00273D99 /* AppDelegate.swift */; };
		D53C320327708D0A00273D99 /* SceneDelegate.swift in Sources */ = {isa = PBXBuildFile; fileRef = D53C320227708D0A00273D99 /* SceneDelegate.swift */; };
		D53C320527708D0A00273D99 /* MapViewController.swift in Sources */ = {isa = PBXBuildFile; fileRef = D53C320427708D0A00273D99 /* MapViewController.swift */; };
		D53C320827708D0A00273D99 /* Main.storyboard in Resources */ = {isa = PBXBuildFile; fileRef = D53C320627708D0A00273D99 /* Main.storyboard */; };
		D53C320B27708D0A00273D99 /* LocaGit.xcdatamodeld in Sources */ = {isa = PBXBuildFile; fileRef = D53C320927708D0A00273D99 /* LocaGit.xcdatamodeld */; };
		D53C320D27708D0C00273D99 /* Assets.xcassets in Resources */ = {isa = PBXBuildFile; fileRef = D53C320C27708D0C00273D99 /* Assets.xcassets */; };
		D53C321027708D0C00273D99 /* LaunchScreen.storyboard in Resources */ = {isa = PBXBuildFile; fileRef = D53C320E27708D0C00273D99 /* LaunchScreen.storyboard */; };
		D53C32192770AA3B00273D99 /* camp_il.json in Resources */ = {isa = PBXBuildFile; fileRef = D53C32182770AA3B00273D99 /* camp_il.json */; };
		D53C321C2770AA6C00273D99 /* Landmark.swift in Sources */ = {isa = PBXBuildFile; fileRef = D53C321B2770AA6C00273D99 /* Landmark.swift */; };
		D53C321E2770AA9200273D99 /* Landmarks.swift in Sources */ = {isa = PBXBuildFile; fileRef = D53C321D2770AA9200273D99 /* Landmarks.swift */; };
		D53C32202770ABD900273D99 /* Landmark+extensions.swift in Sources */ = {isa = PBXBuildFile; fileRef = D53C321F2770ABD900273D99 /* Landmark+extensions.swift */; };
		D53C32232770ACBD00273D99 /* LocationManager.swift in Sources */ = {isa = PBXBuildFile; fileRef = D53C32222770ACBD00273D99 /* LocationManager.swift */; };
/* End PBXBuildFile section */

/* Begin PBXFileReference section */
		D53C31FD27708D0A00273D99 /* LocaGit.app */ = {isa = PBXFileReference; explicitFileType = wrapper.application; includeInIndex = 0; path = LocaGit.app; sourceTree = BUILT_PRODUCTS_DIR; };
		D53C320027708D0A00273D99 /* AppDelegate.swift */ = {isa = PBXFileReference; lastKnownFileType = sourcecode.swift; path = AppDelegate.swift; sourceTree = "<group>"; };
		D53C320227708D0A00273D99 /* SceneDelegate.swift */ = {isa = PBXFileReference; lastKnownFileType = sourcecode.swift; path = SceneDelegate.swift; sourceTree = "<group>"; };
		D53C320427708D0A00273D99 /* MapViewController.swift */ = {isa = PBXFileReference; lastKnownFileType = sourcecode.swift; path = MapViewController.swift; sourceTree = "<group>"; };
		D53C320727708D0A00273D99 /* Base */ = {isa = PBXFileReference; lastKnownFileType = file.storyboard; name = Base; path = Base.lproj/Main.storyboard; sourceTree = "<group>"; };
		D53C320A27708D0A00273D99 /* LocaGit.xcdatamodel */ = {isa = PBXFileReference; lastKnownFileType = wrapper.xcdatamodel; path = LocaGit.xcdatamodel; sourceTree = "<group>"; };
		D53C320C27708D0C00273D99 /* Assets.xcassets */ = {isa = PBXFileReference; lastKnownFileType = folder.assetcatalog; path = Assets.xcassets; sourceTree = "<group>"; };
		D53C320F27708D0C00273D99 /* Base */ = {isa = PBXFileReference; lastKnownFileType = file.storyboard; name = Base; path = Base.lproj/LaunchScreen.storyboard; sourceTree = "<group>"; };
		D53C321127708D0C00273D99 /* Info.plist */ = {isa = PBXFileReference; lastKnownFileType = text.plist.xml; path = Info.plist; sourceTree = "<group>"; };
		D53C32182770AA3B00273D99 /* camp_il.json */ = {isa = PBXFileReference; lastKnownFileType = text.json; path = camp_il.json; sourceTree = "<group>"; };
		D53C321B2770AA6C00273D99 /* Landmark.swift */ = {isa = PBXFileReference; lastKnownFileType = sourcecode.swift; path = Landmark.swift; sourceTree = "<group>"; };
		D53C321D2770AA9200273D99 /* Landmarks.swift */ = {isa = PBXFileReference; lastKnownFileType = sourcecode.swift; path = Landmarks.swift; sourceTree = "<group>"; };
		D53C321F2770ABD900273D99 /* Landmark+extensions.swift */ = {isa = PBXFileReference; lastKnownFileType = sourcecode.swift; path = "Landmark+extensions.swift"; sourceTree = "<group>"; };
		D53C32222770ACBD00273D99 /* LocationManager.swift */ = {isa = PBXFileReference; lastKnownFileType = sourcecode.swift; path = LocationManager.swift; sourceTree = "<group>"; };
/* End PBXFileReference section */

/* Begin PBXFrameworksBuildPhase section */
		D53C31FA27708D0A00273D99 /* Frameworks */ = {
			isa = PBXFrameworksBuildPhase;
			buildActionMask = 2147483647;
			files = (
			);
			runOnlyForDeploymentPostprocessing = 0;
		};
/* End PBXFrameworksBuildPhase section */

/* Begin PBXGroup section */
		D53C31F427708D0900273D99 = {
			isa = PBXGroup;
			children = (
				D53C31FF27708D0A00273D99 /* LocaGit */,
				D53C31FE27708D0A00273D99 /* Products */,
			);
			sourceTree = "<group>";
		};
		D53C31FE27708D0A00273D99 /* Products */ = {
			isa = PBXGroup;
			children = (
				D53C31FD27708D0A00273D99 /* LocaGit.app */,
			);
			name = Products;
			sourceTree = "<group>";
		};
		D53C31FF27708D0A00273D99 /* LocaGit */ = {
			isa = PBXGroup;
			children = (
				D53C32212770ACA100273D99 /* Location */,
				D53C321A2770AA5C00273D99 /* Models */,
				D53C32172770A50400273D99 /* Controllers */,
				D53C320027708D0A00273D99 /* AppDelegate.swift */,
				D53C320227708D0A00273D99 /* SceneDelegate.swift */,
				D53C320627708D0A00273D99 /* Main.storyboard */,
				D53C320C27708D0C00273D99 /* Assets.xcassets */,
				D53C320E27708D0C00273D99 /* LaunchScreen.storyboard */,
				D53C321127708D0C00273D99 /* Info.plist */,
				D53C320927708D0A00273D99 /* LocaGit.xcdatamodeld */,
				D53C32182770AA3B00273D99 /* camp_il.json */,
			);
			path = LocaGit;
			sourceTree = "<group>";
		};
		D53C32172770A50400273D99 /* Controllers */ = {
			isa = PBXGroup;
			children = (
				D53C320427708D0A00273D99 /* MapViewController.swift */,
			);
			path = Controllers;
			sourceTree = "<group>";
		};
		D53C321A2770AA5C00273D99 /* Models */ = {
			isa = PBXGroup;
			children = (
				D53C321B2770AA6C00273D99 /* Landmark.swift */,
				D53C321D2770AA9200273D99 /* Landmarks.swift */,
				D53C321F2770ABD900273D99 /* Landmark+extensions.swift */,
			);
			path = Models;
			sourceTree = "<group>";
		};
		D53C32212770ACA100273D99 /* Location */ = {
			isa = PBXGroup;
			children = (
				D53C32222770ACBD00273D99 /* LocationManager.swift */,
			);
			path = Location;
			sourceTree = "<group>";
		};
/* End PBXGroup section */

/* Begin PBXNativeTarget section */
		D53C31FC27708D0A00273D99 /* LocaGit */ = {
			isa = PBXNativeTarget;
			buildConfigurationList = D53C321427708D0C00273D99 /* Build configuration list for PBXNativeTarget "LocaGit" */;
			buildPhases = (
				D53C31F927708D0A00273D99 /* Sources */,
				D53C31FA27708D0A00273D99 /* Frameworks */,
				D53C31FB27708D0A00273D99 /* Resources */,
			);
			buildRules = (
			);
			dependencies = (
			);
			name = LocaGit;
			productName = LocaGit;
			productReference = D53C31FD27708D0A00273D99 /* LocaGit.app */;
			productType = "com.apple.product-type.application";
		};
/* End PBXNativeTarget section */

/* Begin PBXProject section */
		D53C31F527708D0900273D99 /* Project object */ = {
			isa = PBXProject;
			attributes = {
				BuildIndependentTargetsInParallel = 1;
				LastSwiftUpdateCheck = 1320;
				LastUpgradeCheck = 1320;
				TargetAttributes = {
					D53C31FC27708D0A00273D99 = {
						CreatedOnToolsVersion = 13.2.1;
					};
				};
			};
			buildConfigurationList = D53C31F827708D0900273D99 /* Build configuration list for PBXProject "LocaGit" */;
			compatibilityVersion = "Xcode 13.0";
			developmentRegion = en;
			hasScannedForEncodings = 0;
			knownRegions = (
				en,
				Base,
			);
			mainGroup = D53C31F427708D0900273D99;
			productRefGroup = D53C31FE27708D0A00273D99 /* Products */;
			projectDirPath = "";
			projectRoot = "";
			targets = (
				D53C31FC27708D0A00273D99 /* LocaGit */,
			);
		};
/* End PBXProject section */

/* Begin PBXResourcesBuildPhase section */
		D53C31FB27708D0A00273D99 /* Resources */ = {
			isa = PBXResourcesBuildPhase;
			buildActionMask = 2147483647;
			files = (
				D53C321027708D0C00273D99 /* LaunchScreen.storyboard in Resources */,
				D53C32192770AA3B00273D99 /* camp_il.json in Resources */,
				D53C320D27708D0C00273D99 /* Assets.xcassets in Resources */,
				D53C320827708D0A00273D99 /* Main.storyboard in Resources */,
			);
			runOnlyForDeploymentPostprocessing = 0;
		};
/* End PBXResourcesBuildPhase section */

/* Begin PBXSourcesBuildPhase section */
		D53C31F927708D0A00273D99 /* Sources */ = {
			isa = PBXSourcesBuildPhase;
			buildActionMask = 2147483647;
			files = (
				D53C320527708D0A00273D99 /* MapViewController.swift in Sources */,
				D53C321E2770AA9200273D99 /* Landmarks.swift in Sources */,
				D53C32202770ABD900273D99 /* Landmark+extensions.swift in Sources */,
				D53C320127708D0A00273D99 /* AppDelegate.swift in Sources */,
				D53C32232770ACBD00273D99 /* LocationManager.swift in Sources */,
				D53C320327708D0A00273D99 /* SceneDelegate.swift in Sources */,
				D53C320B27708D0A00273D99 /* LocaGit.xcdatamodeld in Sources */,
				D53C321C2770AA6C00273D99 /* Landmark.swift in Sources */,
			);
			runOnlyForDeploymentPostprocessing = 0;
		};
/* End PBXSourcesBuildPhase section */

/* Begin PBXVariantGroup section */
		D53C320627708D0A00273D99 /* Main.storyboard */ = {
			isa = PBXVariantGroup;
			children = (
				D53C320727708D0A00273D99 /* Base */,
			);
			name = Main.storyboard;
			sourceTree = "<group>";
		};
		D53C320E27708D0C00273D99 /* LaunchScreen.storyboard */ = {
			isa = PBXVariantGroup;
			children = (
				D53C320F27708D0C00273D99 /* Base */,
			);
			name = LaunchScreen.storyboard;
			sourceTree = "<group>";
		};
/* End PBXVariantGroup section */

/* Begin XCBuildConfiguration section */
		D53C321227708D0C00273D99 /* Debug */ = {
			isa = XCBuildConfiguration;
			buildSettings = {
				ALWAYS_SEARCH_USER_PATHS = NO;
				CLANG_ANALYZER_NONNULL = YES;
				CLANG_ANALYZER_NUMBER_OBJECT_CONVERSION = YES_AGGRESSIVE;
				CLANG_CXX_LANGUAGE_STANDARD = "gnu++17";
				CLANG_CXX_LIBRARY = "libc++";
				CLANG_ENABLE_MODULES = YES;
				CLANG_ENABLE_OBJC_ARC = YES;
				CLANG_ENABLE_OBJC_WEAK = YES;
				CLANG_WARN_BLOCK_CAPTURE_AUTORELEASING = YES;
				CLANG_WARN_BOOL_CONVERSION = YES;
				CLANG_WARN_COMMA = YES;
				CLANG_WARN_CONSTANT_CONVERSION = YES;
				CLANG_WARN_DEPRECATED_OBJC_IMPLEMENTATIONS = YES;
				CLANG_WARN_DIRECT_OBJC_ISA_USAGE = YES_ERROR;
				CLANG_WARN_DOCUMENTATION_COMMENTS = YES;
				CLANG_WARN_EMPTY_BODY = YES;
				CLANG_WARN_ENUM_CONVERSION = YES;
				CLANG_WARN_INFINITE_RECURSION = YES;
				CLANG_WARN_INT_CONVERSION = YES;
				CLANG_WARN_NON_LITERAL_NULL_CONVERSION = YES;
				CLANG_WARN_OBJC_IMPLICIT_RETAIN_SELF = YES;
				CLANG_WARN_OBJC_LITERAL_CONVERSION = YES;
				CLANG_WARN_OBJC_ROOT_CLASS = YES_ERROR;
				CLANG_WARN_QUOTED_INCLUDE_IN_FRAMEWORK_HEADER = YES;
				CLANG_WARN_RANGE_LOOP_ANALYSIS = YES;
				CLANG_WARN_STRICT_PROTOTYPES = YES;
				CLANG_WARN_SUSPICIOUS_MOVE = YES;
				CLANG_WARN_UNGUARDED_AVAILABILITY = YES_AGGRESSIVE;
				CLANG_WARN_UNREACHABLE_CODE = YES;
				CLANG_WARN__DUPLICATE_METHOD_MATCH = YES;
				COPY_PHASE_STRIP = NO;
				DEBUG_INFORMATION_FORMAT = dwarf;
				ENABLE_STRICT_OBJC_MSGSEND = YES;
				ENABLE_TESTABILITY = YES;
				GCC_C_LANGUAGE_STANDARD = gnu11;
				GCC_DYNAMIC_NO_PIC = NO;
				GCC_NO_COMMON_BLOCKS = YES;
				GCC_OPTIMIZATION_LEVEL = 0;
				GCC_PREPROCESSOR_DEFINITIONS = (
					"DEBUG=1",
					"$(inherited)",
				);
				GCC_WARN_64_TO_32_BIT_CONVERSION = YES;
				GCC_WARN_ABOUT_RETURN_TYPE = YES_ERROR;
				GCC_WARN_UNDECLARED_SELECTOR = YES;
				GCC_WARN_UNINITIALIZED_AUTOS = YES_AGGRESSIVE;
				GCC_WARN_UNUSED_FUNCTION = YES;
				GCC_WARN_UNUSED_VARIABLE = YES;
				IPHONEOS_DEPLOYMENT_TARGET = 15.2;
				MTL_ENABLE_DEBUG_INFO = INCLUDE_SOURCE;
				MTL_FAST_MATH = YES;
				ONLY_ACTIVE_ARCH = YES;
				SDKROOT = iphoneos;
				SWIFT_ACTIVE_COMPILATION_CONDITIONS = DEBUG;
				SWIFT_OPTIMIZATION_LEVEL = "-Onone";
			};
			name = Debug;
		};
		D53C321327708D0C00273D99 /* Release */ = {
			isa = XCBuildConfiguration;
			buildSettings = {
				ALWAYS_SEARCH_USER_PATHS = NO;
				CLANG_ANALYZER_NONNULL = YES;
				CLANG_ANALYZER_NUMBER_OBJECT_CONVERSION = YES_AGGRESSIVE;
				CLANG_CXX_LANGUAGE_STANDARD = "gnu++17";
				CLANG_CXX_LIBRARY = "libc++";
				CLANG_ENABLE_MODULES = YES;
				CLANG_ENABLE_OBJC_ARC = YES;
				CLANG_ENABLE_OBJC_WEAK = YES;
				CLANG_WARN_BLOCK_CAPTURE_AUTORELEASING = YES;
				CLANG_WARN_BOOL_CONVERSION = YES;
				CLANG_WARN_COMMA = YES;
				CLANG_WARN_CONSTANT_CONVERSION = YES;
				CLANG_WARN_DEPRECATED_OBJC_IMPLEMENTATIONS = YES;
				CLANG_WARN_DIRECT_OBJC_ISA_USAGE = YES_ERROR;
				CLANG_WARN_DOCUMENTATION_COMMENTS = YES;
				CLANG_WARN_EMPTY_BODY = YES;
				CLANG_WARN_ENUM_CONVERSION = YES;
				CLANG_WARN_INFINITE_RECURSION = YES;
				CLANG_WARN_INT_CONVERSION = YES;
				CLANG_WARN_NON_LITERAL_NULL_CONVERSION = YES;
				CLANG_WARN_OBJC_IMPLICIT_RETAIN_SELF = YES;
				CLANG_WARN_OBJC_LITERAL_CONVERSION = YES;
				CLANG_WARN_OBJC_ROOT_CLASS = YES_ERROR;
				CLANG_WARN_QUOTED_INCLUDE_IN_FRAMEWORK_HEADER = YES;
				CLANG_WARN_RANGE_LOOP_ANALYSIS = YES;
				CLANG_WARN_STRICT_PROTOTYPES = YES;
				CLANG_WARN_SUSPICIOUS_MOVE = YES;
				CLANG_WARN_UNGUARDED_AVAILABILITY = YES_AGGRESSIVE;
				CLANG_WARN_UNREACHABLE_CODE = YES;
				CLANG_WARN__DUPLICATE_METHOD_MATCH = YES;
				COPY_PHASE_STRIP = NO;
				DEBUG_INFORMATION_FORMAT = "dwarf-with-dsym";
				ENABLE_NS_ASSERTIONS = NO;
				ENABLE_STRICT_OBJC_MSGSEND = YES;
				GCC_C_LANGUAGE_STANDARD = gnu11;
				GCC_NO_COMMON_BLOCKS = YES;
				GCC_WARN_64_TO_32_BIT_CONVERSION = YES;
				GCC_WARN_ABOUT_RETURN_TYPE = YES_ERROR;
				GCC_WARN_UNDECLARED_SELECTOR = YES;
				GCC_WARN_UNINITIALIZED_AUTOS = YES_AGGRESSIVE;
				GCC_WARN_UNUSED_FUNCTION = YES;
				GCC_WARN_UNUSED_VARIABLE = YES;
				IPHONEOS_DEPLOYMENT_TARGET = 15.2;
				MTL_ENABLE_DEBUG_INFO = NO;
				MTL_FAST_MATH = YES;
				SDKROOT = iphoneos;
				SWIFT_COMPILATION_MODE = wholemodule;
				SWIFT_OPTIMIZATION_LEVEL = "-O";
				VALIDATE_PRODUCT = YES;
			};
			name = Release;
		};
		D53C321527708D0C00273D99 /* Debug */ = {
			isa = XCBuildConfiguration;
			buildSettings = {
				ASSETCATALOG_COMPILER_APPICON_NAME = AppIcon;
				ASSETCATALOG_COMPILER_GLOBAL_ACCENT_COLOR_NAME = AccentColor;
				CODE_SIGN_STYLE = Automatic;
				CURRENT_PROJECT_VERSION = 1;
				DEVELOPMENT_TEAM = ZZX52DGZQ6;
				GENERATE_INFOPLIST_FILE = YES;
				INFOPLIST_FILE = LocaGit/Info.plist;
				INFOPLIST_KEY_UIApplicationSupportsIndirectInputEvents = YES;
				INFOPLIST_KEY_UILaunchStoryboardName = LaunchScreen;
				INFOPLIST_KEY_UIMainStoryboardFile = Main;
				INFOPLIST_KEY_UISupportedInterfaceOrientations_iPad = "UIInterfaceOrientationPortrait UIInterfaceOrientationPortraitUpsideDown UIInterfaceOrientationLandscapeLeft UIInterfaceOrientationLandscapeRight";
				INFOPLIST_KEY_UISupportedInterfaceOrientations_iPhone = "UIInterfaceOrientationPortrait UIInterfaceOrientationLandscapeLeft UIInterfaceOrientationLandscapeRight";
				LD_RUNPATH_SEARCH_PATHS = (
					"$(inherited)",
					"@executable_path/Frameworks",
				);
				MARKETING_VERSION = 1.0;
				PRODUCT_BUNDLE_IDENTIFIER = edu.tomerbu.LocaGit;
				PRODUCT_NAME = "$(TARGET_NAME)";
				SWIFT_EMIT_LOC_STRINGS = YES;
				SWIFT_VERSION = 5.0;
				TARGETED_DEVICE_FAMILY = "1,2";
			};
			name = Debug;
		};
		D53C321627708D0C00273D99 /* Release */ = {
			isa = XCBuildConfiguration;
			buildSettings = {
				ASSETCATALOG_COMPILER_APPICON_NAME = AppIcon;
				ASSETCATALOG_COMPILER_GLOBAL_ACCENT_COLOR_NAME = AccentColor;
				CODE_SIGN_STYLE = Automatic;
				CURRENT_PROJECT_VERSION = 1;
				DEVELOPMENT_TEAM = ZZX52DGZQ6;
				GENERATE_INFOPLIST_FILE = YES;
				INFOPLIST_FILE = LocaGit/Info.plist;
				INFOPLIST_KEY_UIApplicationSupportsIndirectInputEvents = YES;
				INFOPLIST_KEY_UILaunchStoryboardName = LaunchScreen;
				INFOPLIST_KEY_UIMainStoryboardFile = Main;
				INFOPLIST_KEY_UISupportedInterfaceOrientations_iPad = "UIInterfaceOrientationPortrait UIInterfaceOrientationPortraitUpsideDown UIInterfaceOrientationLandscapeLeft UIInterfaceOrientationLandscapeRight";
				INFOPLIST_KEY_UISupportedInterfaceOrientations_iPhone = "UIInterfaceOrientationPortrait UIInterfaceOrientationLandscapeLeft UIInterfaceOrientationLandscapeRight";
				LD_RUNPATH_SEARCH_PATHS = (
					"$(inherited)",
					"@executable_path/Frameworks",
				);
				MARKETING_VERSION = 1.0;
				PRODUCT_BUNDLE_IDENTIFIER = edu.tomerbu.LocaGit;
				PRODUCT_NAME = "$(TARGET_NAME)";
				SWIFT_EMIT_LOC_STRINGS = YES;
				SWIFT_VERSION = 5.0;
				TARGETED_DEVICE_FAMILY = "1,2";
			};
			name = Release;
		};
/* End XCBuildConfiguration section */

/* Begin XCConfigurationList section */
		D53C31F827708D0900273D99 /* Build configuration list for PBXProject "LocaGit" */ = {
			isa = XCConfigurationList;
			buildConfigurations = (
				D53C321227708D0C00273D99 /* Debug */,
				D53C321327708D0C00273D99 /* Release */,
			);
			defaultConfigurationIsVisible = 0;
			defaultConfigurationName = Release;
		};
		D53C321427708D0C00273D99 /* Build configuration list for PBXNativeTarget "LocaGit" */ = {
			isa = XCConfigurationList;
			buildConfigurations = (
				D53C321527708D0C00273D99 /* Debug */,
				D53C321627708D0C00273D99 /* Release */,
			);
			defaultConfigurationIsVisible = 0;
			defaultConfigurationName = Release;
		};
/* End XCConfigurationList section */

/* Begin XCVersionGroup section */
		D53C320927708D0A00273D99 /* LocaGit.xcdatamodeld */ = {
			isa = XCVersionGroup;
			children = (
				D53C320A27708D0A00273D99 /* LocaGit.xcdatamodel */,
			);
			currentVersion = D53C320A27708D0A00273D99 /* LocaGit.xcdatamodel */;
			path = LocaGit.xcdatamodeld;
			sourceTree = "<group>";
			versionGroupType = wrapper.xcdatamodel;
		};
/* End XCVersionGroup section */
	};
	rootObject = D53C31F527708D0900273D99 /* Project object */;
}
